
Microsoft Visual Studio Solution File, Format Version 12.00
# Visual Studio 15
VisualStudioVersion = 15.0.28010.2050
MinimumVisualStudioVersion = 10.0.40219.1
Project("{FAE04EC0-301F-11D3-BF4B-00C04F79EFBC}") = "Interest Search WPF", "Interest Search WPF\Interest Search WPF.csproj", "{867E4C41-0914-4B4A-B0BA-0C30DABDA140}"
EndProject
Global
	GlobalSection(SolutionConfigurationPlatforms) = preSolution
		Debug|Any CPU = Debug|Any CPU
		Release|Any CPU = Release|Any CPU
	EndGlobalSection
	GlobalSection(ProjectConfigurationPlatforms) = postSolution
		{867E4C41-0914-4B4A-B0BA-0C30DABDA140}.Debug|Any CPU.ActiveCfg = Debug|Any CPU
		{867E4C41-0914-4B4A-B0BA-0C30DABDA140}.Debug|Any CPU.Build.0 = Debug|Any CPU
		{867E4C41-0914-4B4A-B0BA-0C30DABDA140}.Release|Any CPU.ActiveCfg = Release|Any CPU
		{867E4C41-0914-4B4A-B0BA-0C30DABDA140}.Release|Any CPU.Build.0 = Release|Any CPU
	EndGlobalSection
	GlobalSection(SolutionProperties) = preSolution
		HideSolutionNode = FALSE
	EndGlobalSection
	GlobalSection(ExtensibilityGlobals) = postSolution
		SolutionGuid = {DD97B7A9-88FC-4532-B881-3A34D655D66C}
	EndGlobalSection
EndGlobal
